
Microsoft Visual Studio Solution File, Format Version 12.00
# Visual Studio Version 17
VisualStudioVersion = 17.9.34701.34
MinimumVisualStudioVersion = 10.0.40219.1
Project("{FAE04EC0-301F-11D3-BF4B-00C04F79EFBC}") = "IdentityApp", "IdentityApp.csproj", "{558C6825-F6B0-44E7-8504-9DD7ABDD2987}"
EndProject
Global
	GlobalSection(SolutionConfigurationPlatforms) = preSolution
		Debug|Any CPU = Debug|Any CPU
		Release|Any CPU = Release|Any CPU
	EndGlobalSection
	GlobalSection(ProjectConfigurationPlatforms) = postSolution
		{558C6825-F6B0-44E7-8504-9DD7ABDD2987}.Debug|Any CPU.ActiveCfg = Debug|Any CPU
		{558C6825-F6B0-44E7-8504-9DD7ABDD2987}.Debug|Any CPU.Build.0 = Debug|Any CPU
		{558C6825-F6B0-44E7-8504-9DD7ABDD2987}.Release|Any CPU.ActiveCfg = Release|Any CPU
		{558C6825-F6B0-44E7-8504-9DD7ABDD2987}.Release|Any CPU.Build.0 = Release|Any CPU
	EndGlobalSection
	GlobalSection(SolutionProperties) = preSolution
		HideSolutionNode = FALSE
	EndGlobalSection
	GlobalSection(ExtensibilityGlobals) = postSolution
		SolutionGuid = {F8DCBC61-AF93-45AC-9964-001C3E6F85A6}
	EndGlobalSection
EndGlobal
